// !$*UTF8*$!
{
	archiveVersion = 1;
	classes = {
	};
	objectVersion = 56;
	objects = {

/* Begin PBXBuildFile section */
		36E3CC692C6B834400250EB8 /* AppDelegate.swift in Sources */ = {isa = PBXBuildFile; fileRef = 36E3CC682C6B834400250EB8 /* AppDelegate.swift */; };
		36E3CC6B2C6B834400250EB8 /* SceneDelegate.swift in Sources */ = {isa = PBXBuildFile; fileRef = 36E3CC6A2C6B834400250EB8 /* SceneDelegate.swift */; };
		36E3CC6D2C6B834400250EB8 /* TasksViewController.swift in Sources */ = {isa = PBXBuildFile; fileRef = 36E3CC6C2C6B834400250EB8 /* TasksViewController.swift */; };
		36E3CC722C6B834800250EB8 /* Assets.xcassets in Resources */ = {isa = PBXBuildFile; fileRef = 36E3CC712C6B834800250EB8 /* Assets.xcassets */; };
		36E3CC752C6B834800250EB8 /* Base in Resources */ = {isa = PBXBuildFile; fileRef = 36E3CC742C6B834800250EB8 /* Base */; };
		36E3CC7F2C6B869F00250EB8 /* TestsViewController.swift in Sources */ = {isa = PBXBuildFile; fileRef = 36E3CC7E2C6B869F00250EB8 /* TestsViewController.swift */; };
		36E3CC812C6B86B800250EB8 /* MeditationViewController.swift in Sources */ = {isa = PBXBuildFile; fileRef = 36E3CC802C6B86B800250EB8 /* MeditationViewController.swift */; };
		36E3CC832C6B86C900250EB8 /* ImportantViewController.swift in Sources */ = {isa = PBXBuildFile; fileRef = 36E3CC822C6B86C900250EB8 /* ImportantViewController.swift */; };
		36E3CC852C6B86D800250EB8 /* AccountViewController.swift in Sources */ = {isa = PBXBuildFile; fileRef = 36E3CC842C6B86D800250EB8 /* AccountViewController.swift */; };
		36E3CC892C6B8A1000250EB8 /* TabBarController.swift in Sources */ = {isa = PBXBuildFile; fileRef = 36E3CC882C6B8A1000250EB8 /* TabBarController.swift */; };
		36E3CC8C2C6B8CEF00250EB8 /* UIColor + ext.swift in Sources */ = {isa = PBXBuildFile; fileRef = 36E3CC8B2C6B8CEF00250EB8 /* UIColor + ext.swift */; };
		36E3CC8F2C6B8DE100250EB8 /* Resources.swift in Sources */ = {isa = PBXBuildFile; fileRef = 36E3CC8E2C6B8DE100250EB8 /* Resources.swift */; };
/* End PBXBuildFile section */

/* Begin PBXFileReference section */
		36E3CC652C6B834400250EB8 /* Svet.app */ = {isa = PBXFileReference; explicitFileType = wrapper.application; includeInIndex = 0; path = Svet.app; sourceTree = BUILT_PRODUCTS_DIR; };
		36E3CC682C6B834400250EB8 /* AppDelegate.swift */ = {isa = PBXFileReference; lastKnownFileType = sourcecode.swift; path = AppDelegate.swift; sourceTree = "<group>"; };
		36E3CC6A2C6B834400250EB8 /* SceneDelegate.swift */ = {isa = PBXFileReference; lastKnownFileType = sourcecode.swift; path = SceneDelegate.swift; sourceTree = "<group>"; };
		36E3CC6C2C6B834400250EB8 /* TasksViewController.swift */ = {isa = PBXFileReference; lastKnownFileType = sourcecode.swift; path = TasksViewController.swift; sourceTree = "<group>"; };
		36E3CC712C6B834800250EB8 /* Assets.xcassets */ = {isa = PBXFileReference; lastKnownFileType = folder.assetcatalog; path = Assets.xcassets; sourceTree = "<group>"; };
		36E3CC742C6B834800250EB8 /* Base */ = {isa = PBXFileReference; lastKnownFileType = file.storyboard; name = Base; path = Base.lproj/LaunchScreen.storyboard; sourceTree = "<group>"; };
		36E3CC762C6B834800250EB8 /* Info.plist */ = {isa = PBXFileReference; lastKnownFileType = text.plist.xml; path = Info.plist; sourceTree = "<group>"; };
		36E3CC7E2C6B869F00250EB8 /* TestsViewController.swift */ = {isa = PBXFileReference; lastKnownFileType = sourcecode.swift; path = TestsViewController.swift; sourceTree = "<group>"; };
		36E3CC802C6B86B800250EB8 /* MeditationViewController.swift */ = {isa = PBXFileReference; lastKnownFileType = sourcecode.swift; path = MeditationViewController.swift; sourceTree = "<group>"; };
		36E3CC822C6B86C900250EB8 /* ImportantViewController.swift */ = {isa = PBXFileReference; lastKnownFileType = sourcecode.swift; path = ImportantViewController.swift; sourceTree = "<group>"; };
		36E3CC842C6B86D800250EB8 /* AccountViewController.swift */ = {isa = PBXFileReference; lastKnownFileType = sourcecode.swift; path = AccountViewController.swift; sourceTree = "<group>"; };
		36E3CC882C6B8A1000250EB8 /* TabBarController.swift */ = {isa = PBXFileReference; lastKnownFileType = sourcecode.swift; path = TabBarController.swift; sourceTree = "<group>"; };
		36E3CC8B2C6B8CEF00250EB8 /* UIColor + ext.swift */ = {isa = PBXFileReference; lastKnownFileType = sourcecode.swift; path = "UIColor + ext.swift"; sourceTree = "<group>"; };
		36E3CC8E2C6B8DE100250EB8 /* Resources.swift */ = {isa = PBXFileReference; lastKnownFileType = sourcecode.swift; path = Resources.swift; sourceTree = "<group>"; };
/* End PBXFileReference section */

/* Begin PBXFrameworksBuildPhase section */
		36E3CC622C6B834400250EB8 /* Frameworks */ = {
			isa = PBXFrameworksBuildPhase;
			buildActionMask = 2147483647;
			files = (
			);
			runOnlyForDeploymentPostprocessing = 0;
		};
/* End PBXFrameworksBuildPhase section */

/* Begin PBXGroup section */
		36E3CC5C2C6B834400250EB8 = {
			isa = PBXGroup;
			children = (
				36E3CC672C6B834400250EB8 /* Svet */,
				36E3CC662C6B834400250EB8 /* Products */,
			);
			sourceTree = "<group>";
		};
		36E3CC662C6B834400250EB8 /* Products */ = {
			isa = PBXGroup;
			children = (
				36E3CC652C6B834400250EB8 /* Svet.app */,
			);
			name = Products;
			sourceTree = "<group>";
		};
		36E3CC672C6B834400250EB8 /* Svet */ = {
			isa = PBXGroup;
			children = (
				36E3CC8D2C6B8DB700250EB8 /* Helpers */,
				36E3CC872C6B89D000250EB8 /* Application */,
				36E3CC7C2C6B865E00250EB8 /* Controllers */,
				36E3CC862C6B875E00250EB8 /* SystemFiles */,
			);
			path = Svet;
			sourceTree = "<group>";
		};
		36E3CC7C2C6B865E00250EB8 /* Controllers */ = {
			isa = PBXGroup;
			children = (
				36E3CC6C2C6B834400250EB8 /* TasksViewController.swift */,
				36E3CC7E2C6B869F00250EB8 /* TestsViewController.swift */,
				36E3CC802C6B86B800250EB8 /* MeditationViewController.swift */,
				36E3CC822C6B86C900250EB8 /* ImportantViewController.swift */,
				36E3CC842C6B86D800250EB8 /* AccountViewController.swift */,
			);
			path = Controllers;
			sourceTree = "<group>";
		};
		36E3CC862C6B875E00250EB8 /* SystemFiles */ = {
			isa = PBXGroup;
			children = (
				36E3CC712C6B834800250EB8 /* Assets.xcassets */,
				36E3CC732C6B834800250EB8 /* LaunchScreen.storyboard */,
				36E3CC762C6B834800250EB8 /* Info.plist */,
				36E3CC682C6B834400250EB8 /* AppDelegate.swift */,
				36E3CC6A2C6B834400250EB8 /* SceneDelegate.swift */,
			);
			path = SystemFiles;
			sourceTree = "<group>";
		};
		36E3CC872C6B89D000250EB8 /* Application */ = {
			isa = PBXGroup;
			children = (
				36E3CC882C6B8A1000250EB8 /* TabBarController.swift */,
			);
			path = Application;
			sourceTree = "<group>";
		};
		36E3CC8A2C6B8AFD00250EB8 /* Extensions */ = {
			isa = PBXGroup;
			children = (
				36E3CC8B2C6B8CEF00250EB8 /* UIColor + ext.swift */,
			);
			path = Extensions;
			sourceTree = "<group>";
		};
		36E3CC8D2C6B8DB700250EB8 /* Helpers */ = {
			isa = PBXGroup;
			children = (
				36E3CC8A2C6B8AFD00250EB8 /* Extensions */,
				36E3CC8E2C6B8DE100250EB8 /* Resources.swift */,
			);
			path = Helpers;
			sourceTree = "<group>";
		};
/* End PBXGroup section */

/* Begin PBXNativeTarget section */
		36E3CC642C6B834400250EB8 /* Svet */ = {
			isa = PBXNativeTarget;
			buildConfigurationList = 36E3CC792C6B834800250EB8 /* Build configuration list for PBXNativeTarget "Svet" */;
			buildPhases = (
				36E3CC612C6B834400250EB8 /* Sources */,
				36E3CC622C6B834400250EB8 /* Frameworks */,
				36E3CC632C6B834400250EB8 /* Resources */,
			);
			buildRules = (
			);
			dependencies = (
			);
			name = Svet;
			productName = Svet;
			productReference = 36E3CC652C6B834400250EB8 /* Svet.app */;
			productType = "com.apple.product-type.application";
		};
/* End PBXNativeTarget section */

/* Begin PBXProject section */
		36E3CC5D2C6B834400250EB8 /* Project object */ = {
			isa = PBXProject;
			attributes = {
				BuildIndependentTargetsInParallel = 1;
				LastSwiftUpdateCheck = 1540;
				LastUpgradeCheck = 1540;
				TargetAttributes = {
					36E3CC642C6B834400250EB8 = {
						CreatedOnToolsVersion = 15.4;
					};
				};
			};
			buildConfigurationList = 36E3CC602C6B834400250EB8 /* Build configuration list for PBXProject "Svet" */;
			compatibilityVersion = "Xcode 14.0";
			developmentRegion = en;
			hasScannedForEncodings = 0;
			knownRegions = (
				en,
				Base,
			);
			mainGroup = 36E3CC5C2C6B834400250EB8;
			productRefGroup = 36E3CC662C6B834400250EB8 /* Products */;
			projectDirPath = "";
			projectRoot = "";
			targets = (
				36E3CC642C6B834400250EB8 /* Svet */,
			);
		};
/* End PBXProject section */

/* Begin PBXResourcesBuildPhase section */
		36E3CC632C6B834400250EB8 /* Resources */ = {
			isa = PBXResourcesBuildPhase;
			buildActionMask = 2147483647;
			files = (
				36E3CC722C6B834800250EB8 /* Assets.xcassets in Resources */,
				36E3CC752C6B834800250EB8 /* Base in Resources */,
			);
			runOnlyForDeploymentPostprocessing = 0;
		};
/* End PBXResourcesBuildPhase section */

/* Begin PBXSourcesBuildPhase section */
		36E3CC612C6B834400250EB8 /* Sources */ = {
			isa = PBXSourcesBuildPhase;
			buildActionMask = 2147483647;
			files = (
				36E3CC6D2C6B834400250EB8 /* TasksViewController.swift in Sources */,
				36E3CC892C6B8A1000250EB8 /* TabBarController.swift in Sources */,
				36E3CC692C6B834400250EB8 /* AppDelegate.swift in Sources */,
				36E3CC8F2C6B8DE100250EB8 /* Resources.swift in Sources */,
				36E3CC852C6B86D800250EB8 /* AccountViewController.swift in Sources */,
				36E3CC812C6B86B800250EB8 /* MeditationViewController.swift in Sources */,
				36E3CC7F2C6B869F00250EB8 /* TestsViewController.swift in Sources */,
				36E3CC8C2C6B8CEF00250EB8 /* UIColor + ext.swift in Sources */,
				36E3CC6B2C6B834400250EB8 /* SceneDelegate.swift in Sources */,
				36E3CC832C6B86C900250EB8 /* ImportantViewController.swift in Sources */,
			);
			runOnlyForDeploymentPostprocessing = 0;
		};
/* End PBXSourcesBuildPhase section */

/* Begin PBXVariantGroup section */
		36E3CC732C6B834800250EB8 /* LaunchScreen.storyboard */ = {
			isa = PBXVariantGroup;
			children = (
				36E3CC742C6B834800250EB8 /* Base */,
			);
			name = LaunchScreen.storyboard;
			sourceTree = "<group>";
		};
/* End PBXVariantGroup section */

/* Begin XCBuildConfiguration section */
		36E3CC772C6B834800250EB8 /* Debug */ = {
			isa = XCBuildConfiguration;
			buildSettings = {
				ALWAYS_SEARCH_USER_PATHS = NO;
				ASSETCATALOG_COMPILER_GENERATE_SWIFT_ASSET_SYMBOL_EXTENSIONS = YES;
				CLANG_ANALYZER_NONNULL = YES;
				CLANG_ANALYZER_NUMBER_OBJECT_CONVERSION = YES_AGGRESSIVE;
				CLANG_CXX_LANGUAGE_STANDARD = "gnu++20";
				CLANG_ENABLE_MODULES = YES;
				CLANG_ENABLE_OBJC_ARC = YES;
				CLANG_ENABLE_OBJC_WEAK = YES;
				CLANG_WARN_BLOCK_CAPTURE_AUTORELEASING = YES;
				CLANG_WARN_BOOL_CONVERSION = YES;
				CLANG_WARN_COMMA = YES;
				CLANG_WARN_CONSTANT_CONVERSION = YES;
				CLANG_WARN_DEPRECATED_OBJC_IMPLEMENTATIONS = YES;
				CLANG_WARN_DIRECT_OBJC_ISA_USAGE = YES_ERROR;
				CLANG_WARN_DOCUMENTATION_COMMENTS = YES;
				CLANG_WARN_EMPTY_BODY = YES;
				CLANG_WARN_ENUM_CONVERSION = YES;
				CLANG_WARN_INFINITE_RECURSION = YES;
				CLANG_WARN_INT_CONVERSION = YES;
				CLANG_WARN_NON_LITERAL_NULL_CONVERSION = YES;
				CLANG_WARN_OBJC_IMPLICIT_RETAIN_SELF = YES;
				CLANG_WARN_OBJC_LITERAL_CONVERSION = YES;
				CLANG_WARN_OBJC_ROOT_CLASS = YES_ERROR;
				CLANG_WARN_QUOTED_INCLUDE_IN_FRAMEWORK_HEADER = YES;
				CLANG_WARN_RANGE_LOOP_ANALYSIS = YES;
				CLANG_WARN_STRICT_PROTOTYPES = YES;
				CLANG_WARN_SUSPICIOUS_MOVE = YES;
				CLANG_WARN_UNGUARDED_AVAILABILITY = YES_AGGRESSIVE;
				CLANG_WARN_UNREACHABLE_CODE = YES;
				CLANG_WARN__DUPLICATE_METHOD_MATCH = YES;
				COPY_PHASE_STRIP = NO;
				DEBUG_INFORMATION_FORMAT = dwarf;
				ENABLE_STRICT_OBJC_MSGSEND = YES;
				ENABLE_TESTABILITY = YES;
				ENABLE_USER_SCRIPT_SANDBOXING = YES;
				GCC_C_LANGUAGE_STANDARD = gnu17;
				GCC_DYNAMIC_NO_PIC = NO;
				GCC_NO_COMMON_BLOCKS = YES;
				GCC_OPTIMIZATION_LEVEL = 0;
				GCC_PREPROCESSOR_DEFINITIONS = (
					"DEBUG=1",
					"$(inherited)",
				);
				GCC_WARN_64_TO_32_BIT_CONVERSION = YES;
				GCC_WARN_ABOUT_RETURN_TYPE = YES_ERROR;
				GCC_WARN_UNDECLARED_SELECTOR = YES;
				GCC_WARN_UNINITIALIZED_AUTOS = YES_AGGRESSIVE;
				GCC_WARN_UNUSED_FUNCTION = YES;
				GCC_WARN_UNUSED_VARIABLE = YES;
				IPHONEOS_DEPLOYMENT_TARGET = 17.5;
				LOCALIZATION_PREFERS_STRING_CATALOGS = YES;
				MTL_ENABLE_DEBUG_INFO = INCLUDE_SOURCE;
				MTL_FAST_MATH = YES;
				ONLY_ACTIVE_ARCH = YES;
				SDKROOT = iphoneos;
				SWIFT_ACTIVE_COMPILATION_CONDITIONS = "DEBUG $(inherited)";
				SWIFT_OPTIMIZATION_LEVEL = "-Onone";
			};
			name = Debug;
		};
		36E3CC782C6B834800250EB8 /* Release */ = {
			isa = XCBuildConfiguration;
			buildSettings = {
				ALWAYS_SEARCH_USER_PATHS = NO;
				ASSETCATALOG_COMPILER_GENERATE_SWIFT_ASSET_SYMBOL_EXTENSIONS = YES;
				CLANG_ANALYZER_NONNULL = YES;
				CLANG_ANALYZER_NUMBER_OBJECT_CONVERSION = YES_AGGRESSIVE;
				CLANG_CXX_LANGUAGE_STANDARD = "gnu++20";
				CLANG_ENABLE_MODULES = YES;
				CLANG_ENABLE_OBJC_ARC = YES;
				CLANG_ENABLE_OBJC_WEAK = YES;
				CLANG_WARN_BLOCK_CAPTURE_AUTORELEASING = YES;
				CLANG_WARN_BOOL_CONVERSION = YES;
				CLANG_WARN_COMMA = YES;
				CLANG_WARN_CONSTANT_CONVERSION = YES;
				CLANG_WARN_DEPRECATED_OBJC_IMPLEMENTATIONS = YES;
				CLANG_WARN_DIRECT_OBJC_ISA_USAGE = YES_ERROR;
				CLANG_WARN_DOCUMENTATION_COMMENTS = YES;
				CLANG_WARN_EMPTY_BODY = YES;
				CLANG_WARN_ENUM_CONVERSION = YES;
				CLANG_WARN_INFINITE_RECURSION = YES;
				CLANG_WARN_INT_CONVERSION = YES;
				CLANG_WARN_NON_LITERAL_NULL_CONVERSION = YES;
				CLANG_WARN_OBJC_IMPLICIT_RETAIN_SELF = YES;
				CLANG_WARN_OBJC_LITERAL_CONVERSION = YES;
				CLANG_WARN_OBJC_ROOT_CLASS = YES_ERROR;
				CLANG_WARN_QUOTED_INCLUDE_IN_FRAMEWORK_HEADER = YES;
				CLANG_WARN_RANGE_LOOP_ANALYSIS = YES;
				CLANG_WARN_STRICT_PROTOTYPES = YES;
				CLANG_WARN_SUSPICIOUS_MOVE = YES;
				CLANG_WARN_UNGUARDED_AVAILABILITY = YES_AGGRESSIVE;
				CLANG_WARN_UNREACHABLE_CODE = YES;
				CLANG_WARN__DUPLICATE_METHOD_MATCH = YES;
				COPY_PHASE_STRIP = NO;
				DEBUG_INFORMATION_FORMAT = "dwarf-with-dsym";
				ENABLE_NS_ASSERTIONS = NO;
				ENABLE_STRICT_OBJC_MSGSEND = YES;
				ENABLE_USER_SCRIPT_SANDBOXING = YES;
				GCC_C_LANGUAGE_STANDARD = gnu17;
				GCC_NO_COMMON_BLOCKS = YES;
				GCC_WARN_64_TO_32_BIT_CONVERSION = YES;
				GCC_WARN_ABOUT_RETURN_TYPE = YES_ERROR;
				GCC_WARN_UNDECLARED_SELECTOR = YES;
				GCC_WARN_UNINITIALIZED_AUTOS = YES_AGGRESSIVE;
				GCC_WARN_UNUSED_FUNCTION = YES;
				GCC_WARN_UNUSED_VARIABLE = YES;
				IPHONEOS_DEPLOYMENT_TARGET = 17.5;
				LOCALIZATION_PREFERS_STRING_CATALOGS = YES;
				MTL_ENABLE_DEBUG_INFO = NO;
				MTL_FAST_MATH = YES;
				SDKROOT = iphoneos;
				SWIFT_COMPILATION_MODE = wholemodule;
				VALIDATE_PRODUCT = YES;
			};
			name = Release;
		};
		36E3CC7A2C6B834800250EB8 /* Debug */ = {
			isa = XCBuildConfiguration;
			buildSettings = {
				ASSETCATALOG_COMPILER_APPICON_NAME = AppIcon;
				ASSETCATALOG_COMPILER_GLOBAL_ACCENT_COLOR_NAME = AccentColor;
				CODE_SIGN_STYLE = Automatic;
				CURRENT_PROJECT_VERSION = 1;
				DEVELOPMENT_TEAM = J96ZM8K52F;
				GENERATE_INFOPLIST_FILE = YES;
				INFOPLIST_FILE = Svet/SystemFiles/Info.plist;
				INFOPLIST_KEY_UIApplicationSupportsIndirectInputEvents = YES;
				INFOPLIST_KEY_UILaunchStoryboardName = LaunchScreen;
				INFOPLIST_KEY_UISupportedInterfaceOrientations = UIInterfaceOrientationPortrait;
				LD_RUNPATH_SEARCH_PATHS = (
					"$(inherited)",
					"@executable_path/Frameworks",
				);
				MARKETING_VERSION = 1.0;
				PRODUCT_BUNDLE_IDENTIFIER = Makeev095.Svet;
				PRODUCT_NAME = "$(TARGET_NAME)";
				SWIFT_EMIT_LOC_STRINGS = YES;
				SWIFT_VERSION = 5.0;
				TARGETED_DEVICE_FAMILY = "1,2";
			};
			name = Debug;
		};
		36E3CC7B2C6B834800250EB8 /* Release */ = {
			isa = XCBuildConfiguration;
			buildSettings = {
				ASSETCATALOG_COMPILER_APPICON_NAME = AppIcon;
				ASSETCATALOG_COMPILER_GLOBAL_ACCENT_COLOR_NAME = AccentColor;
				CODE_SIGN_STYLE = Automatic;
				CURRENT_PROJECT_VERSION = 1;
				DEVELOPMENT_TEAM = J96ZM8K52F;
				GENERATE_INFOPLIST_FILE = YES;
				INFOPLIST_FILE = Svet/SystemFiles/Info.plist;
				INFOPLIST_KEY_UIApplicationSupportsIndirectInputEvents = YES;
				INFOPLIST_KEY_UILaunchStoryboardName = LaunchScreen;
				INFOPLIST_KEY_UISupportedInterfaceOrientations = UIInterfaceOrientationPortrait;
				LD_RUNPATH_SEARCH_PATHS = (
					"$(inherited)",
					"@executable_path/Frameworks",
				);
				MARKETING_VERSION = 1.0;
				PRODUCT_BUNDLE_IDENTIFIER = Makeev095.Svet;
				PRODUCT_NAME = "$(TARGET_NAME)";
				SWIFT_EMIT_LOC_STRINGS = YES;
				SWIFT_VERSION = 5.0;
				TARGETED_DEVICE_FAMILY = "1,2";
			};
			name = Release;
		};
/* End XCBuildConfiguration section */

/* Begin XCConfigurationList section */
		36E3CC602C6B834400250EB8 /* Build configuration list for PBXProject "Svet" */ = {
			isa = XCConfigurationList;
			buildConfigurations = (
				36E3CC772C6B834800250EB8 /* Debug */,
				36E3CC782C6B834800250EB8 /* Release */,
			);
			defaultConfigurationIsVisible = 0;
			defaultConfigurationName = Release;
		};
		36E3CC792C6B834800250EB8 /* Build configuration list for PBXNativeTarget "Svet" */ = {
			isa = XCConfigurationList;
			buildConfigurations = (
				36E3CC7A2C6B834800250EB8 /* Debug */,
				36E3CC7B2C6B834800250EB8 /* Release */,
			);
			defaultConfigurationIsVisible = 0;
			defaultConfigurationName = Release;
		};
/* End XCConfigurationList section */
	};
	rootObject = 36E3CC5D2C6B834400250EB8 /* Project object */;
}
